
Microsoft Visual Studio Solution File, Format Version 12.00
# Visual Studio Version 16
VisualStudioVersion = 16.0.30907.101
MinimumVisualStudioVersion = 10.0.40219.1
Project("{FAE04EC0-301F-11D3-BF4B-00C04F79EFBC}") = "Airport", "Airport\Airport.csproj", "{CE9307A1-7578-4E98-ACBE-01E7286F6460}"
EndProject
Global
	GlobalSection(SolutionConfigurationPlatforms) = preSolution
		Debug|Any CPU = Debug|Any CPU
		Release|Any CPU = Release|Any CPU
	EndGlobalSection
	GlobalSection(ProjectConfigurationPlatforms) = postSolution
		{CE9307A1-7578-4E98-ACBE-01E7286F6460}.Debug|Any CPU.ActiveCfg = Debug|Any CPU
		{CE9307A1-7578-4E98-ACBE-01E7286F6460}.Debug|Any CPU.Build.0 = Debug|Any CPU
		{CE9307A1-7578-4E98-ACBE-01E7286F6460}.Release|Any CPU.ActiveCfg = Release|Any CPU
		{CE9307A1-7578-4E98-ACBE-01E7286F6460}.Release|Any CPU.Build.0 = Release|Any CPU
	EndGlobalSection
	GlobalSection(SolutionProperties) = preSolution
		HideSolutionNode = FALSE
	EndGlobalSection
	GlobalSection(ExtensibilityGlobals) = postSolution
		SolutionGuid = {FF0BA919-24FA-43E3-98AE-3F5A82B548F0}
	EndGlobalSection
EndGlobal
